<Solution>
  <Project Path="Biblioteca.API/Biblioteca.API.csproj" />
  <Project Path="Biblioteca.Application/Biblioteca.Application.csproj" />
  <Project Path="Biblioteca.Domain/Biblioteca.Domain.csproj" />
  <Project Path="Biblioteca.Infrastructure/Biblioteca.Infrastructure.csproj" />
  <Project Path="Biblioteca.Tests/Biblioteca.Tests.csproj" Id="3063afcb-c31a-4c7a-a4df-3ed50986c3a0" />
</Solution>
